// !$*UTF8*$!
{
	archiveVersion = 1;
	classes = {
	};
	objectVersion = 50;
	objects = {

/* Begin PBXBuildFile section */
		357C6C792085202F0018009A /* AppDelegate.swift in Sources */ = {isa = PBXBuildFile; fileRef = 357C6C782085202F0018009A /* AppDelegate.swift */; };
		357C6C7B2085202F0018009A /* GameScene.sks in Resources */ = {isa = PBXBuildFile; fileRef = 357C6C7A2085202F0018009A /* GameScene.sks */; };
		357C6C7D2085202F0018009A /* Actions.sks in Resources */ = {isa = PBXBuildFile; fileRef = 357C6C7C2085202F0018009A /* Actions.sks */; };
		357C6C7F2085202F0018009A /* GameScene.swift in Sources */ = {isa = PBXBuildFile; fileRef = 357C6C7E2085202F0018009A /* GameScene.swift */; };
		357C6C812085202F0018009A /* GameViewController.swift in Sources */ = {isa = PBXBuildFile; fileRef = 357C6C802085202F0018009A /* GameViewController.swift */; };
		357C6C842085202F0018009A /* Main.storyboard in Resources */ = {isa = PBXBuildFile; fileRef = 357C6C822085202F0018009A /* Main.storyboard */; };
		357C6C89208520330018009A /* LaunchScreen.storyboard in Resources */ = {isa = PBXBuildFile; fileRef = 357C6C87208520330018009A /* LaunchScreen.storyboard */; };
		357C6C912087CEC60018009A /* Assets.xcassets in Resources */ = {isa = PBXBuildFile; fileRef = 357C6C902087CEC60018009A /* Assets.xcassets */; };
		357C6C932087E4F30018009A /* ScrollingBackground.swift in Sources */ = {isa = PBXBuildFile; fileRef = 357C6C922087E4F30018009A /* ScrollingBackground.swift */; };
		35CB2CB0208F84D7002189DA /* spark.sks in Resources */ = {isa = PBXBuildFile; fileRef = 35CB2CAF208F84D7002189DA /* spark.sks */; };
		35F1C59D209D24770071BB49 /* myman.mp3 in Resources */ = {isa = PBXBuildFile; fileRef = 35F1C59C209D24770071BB49 /* myman.mp3 */; };
		35F1C59F209D273B0071BB49 /* notreallyfine.mp3 in Resources */ = {isa = PBXBuildFile; fileRef = 35F1C59E209D273A0071BB49 /* notreallyfine.mp3 */; };
/* End PBXBuildFile section */

/* Begin PBXFileReference section */
		357C6C752085202F0018009A /* MoonWalk.app */ = {isa = PBXFileReference; explicitFileType = wrapper.application; includeInIndex = 0; path = MoonWalk.app; sourceTree = BUILT_PRODUCTS_DIR; };
		357C6C782085202F0018009A /* AppDelegate.swift */ = {isa = PBXFileReference; lastKnownFileType = sourcecode.swift; path = AppDelegate.swift; sourceTree = "<group>"; };
		357C6C7A2085202F0018009A /* GameScene.sks */ = {isa = PBXFileReference; lastKnownFileType = file.sks; path = GameScene.sks; sourceTree = "<group>"; };
		357C6C7C2085202F0018009A /* Actions.sks */ = {isa = PBXFileReference; lastKnownFileType = file.sks; path = Actions.sks; sourceTree = "<group>"; };
		357C6C7E2085202F0018009A /* GameScene.swift */ = {isa = PBXFileReference; lastKnownFileType = sourcecode.swift; path = GameScene.swift; sourceTree = "<group>"; };
		357C6C802085202F0018009A /* GameViewController.swift */ = {isa = PBXFileReference; lastKnownFileType = sourcecode.swift; path = GameViewController.swift; sourceTree = "<group>"; };
		357C6C832085202F0018009A /* Base */ = {isa = PBXFileReference; lastKnownFileType = file.storyboard; name = Base; path = Base.lproj/Main.storyboard; sourceTree = "<group>"; };
		357C6C88208520330018009A /* Base */ = {isa = PBXFileReference; lastKnownFileType = file.storyboard; name = Base; path = Base.lproj/LaunchScreen.storyboard; sourceTree = "<group>"; };
		357C6C8A208520330018009A /* Info.plist */ = {isa = PBXFileReference; lastKnownFileType = text.plist.xml; path = Info.plist; sourceTree = "<group>"; };
		357C6C902087CEC60018009A /* Assets.xcassets */ = {isa = PBXFileReference; lastKnownFileType = folder.assetcatalog; path = Assets.xcassets; sourceTree = "<group>"; };
		357C6C922087E4F30018009A /* ScrollingBackground.swift */ = {isa = PBXFileReference; lastKnownFileType = sourcecode.swift; path = ScrollingBackground.swift; sourceTree = "<group>"; };
		35CB2CAF208F84D7002189DA /* spark.sks */ = {isa = PBXFileReference; lastKnownFileType = file.sks; path = spark.sks; sourceTree = "<group>"; };
		35F1C59C209D24770071BB49 /* myman.mp3 */ = {isa = PBXFileReference; lastKnownFileType = audio.mp3; path = myman.mp3; sourceTree = "<group>"; };
		35F1C59E209D273A0071BB49 /* notreallyfine.mp3 */ = {isa = PBXFileReference; lastKnownFileType = audio.mp3; path = notreallyfine.mp3; sourceTree = "<group>"; };
/* End PBXFileReference section */

/* Begin PBXFrameworksBuildPhase section */
		357C6C722085202F0018009A /* Frameworks */ = {
			isa = PBXFrameworksBuildPhase;
			buildActionMask = 2147483647;
			files = (
			);
			runOnlyForDeploymentPostprocessing = 0;
		};
/* End PBXFrameworksBuildPhase section */

/* Begin PBXGroup section */
		356715C7209D34C7000F11EE /* Model */ = {
			isa = PBXGroup;
			children = (
				357C6C782085202F0018009A /* AppDelegate.swift */,
				357C6C922087E4F30018009A /* ScrollingBackground.swift */,
			);
			path = Model;
			sourceTree = "<group>";
		};
		356715C8209D34CE000F11EE /* View */ = {
			isa = PBXGroup;
			children = (
				357C6C7A2085202F0018009A /* GameScene.sks */,
				357C6C7C2085202F0018009A /* Actions.sks */,
				357C6C902087CEC60018009A /* Assets.xcassets */,
				357C6C822085202F0018009A /* Main.storyboard */,
				357C6C87208520330018009A /* LaunchScreen.storyboard */,
				35CB2CAF208F84D7002189DA /* spark.sks */,
			);
			path = View;
			sourceTree = "<group>";
		};
		356715C9209D34D5000F11EE /* Controller */ = {
			isa = PBXGroup;
			children = (
				357C6C7E2085202F0018009A /* GameScene.swift */,
				357C6C802085202F0018009A /* GameViewController.swift */,
			);
			path = Controller;
			sourceTree = "<group>";
		};
		357C6C6C2085202F0018009A = {
			isa = PBXGroup;
			children = (
				357C6C772085202F0018009A /* MoonWalk */,
				357C6C762085202F0018009A /* Products */,
			);
			sourceTree = "<group>";
		};
		357C6C762085202F0018009A /* Products */ = {
			isa = PBXGroup;
			children = (
				357C6C752085202F0018009A /* MoonWalk.app */,
			);
			name = Products;
			sourceTree = "<group>";
		};
		357C6C772085202F0018009A /* MoonWalk */ = {
			isa = PBXGroup;
			children = (
				356715C9209D34D5000F11EE /* Controller */,
				356715C8209D34CE000F11EE /* View */,
				356715C7209D34C7000F11EE /* Model */,
				35F1C59C209D24770071BB49 /* myman.mp3 */,
				35F1C59E209D273A0071BB49 /* notreallyfine.mp3 */,
				357C6C8A208520330018009A /* Info.plist */,
			);
			path = MoonWalk;
			sourceTree = "<group>";
		};
/* End PBXGroup section */

/* Begin PBXNativeTarget section */
		357C6C742085202F0018009A /* MoonWalk */ = {
			isa = PBXNativeTarget;
			buildConfigurationList = 357C6C8D208520330018009A /* Build configuration list for PBXNativeTarget "MoonWalk" */;
			buildPhases = (
				357C6C712085202F0018009A /* Sources */,
				357C6C722085202F0018009A /* Frameworks */,
				357C6C732085202F0018009A /* Resources */,
			);
			buildRules = (
			);
			dependencies = (
			);
			name = MoonWalk;
			productName = StunningRunning;
			productReference = 357C6C752085202F0018009A /* MoonWalk.app */;
			productType = "com.apple.product-type.application";
		};
/* End PBXNativeTarget section */

/* Begin PBXProject section */
		357C6C6D2085202F0018009A /* Project object */ = {
			isa = PBXProject;
			attributes = {
				LastSwiftUpdateCheck = 0930;
				LastUpgradeCheck = 0930;
				ORGANIZATIONNAME = Georgios;
				TargetAttributes = {
					357C6C742085202F0018009A = {
						CreatedOnToolsVersion = 9.3;
					};
				};
			};
			buildConfigurationList = 357C6C702085202F0018009A /* Build configuration list for PBXProject "MoonWalk" */;
			compatibilityVersion = "Xcode 9.3";
			developmentRegion = en;
			hasScannedForEncodings = 0;
			knownRegions = (
				en,
				Base,
			);
			mainGroup = 357C6C6C2085202F0018009A;
			productRefGroup = 357C6C762085202F0018009A /* Products */;
			projectDirPath = "";
			projectRoot = "";
			targets = (
				357C6C742085202F0018009A /* MoonWalk */,
			);
		};
/* End PBXProject section */

/* Begin PBXResourcesBuildPhase section */
		357C6C732085202F0018009A /* Resources */ = {
			isa = PBXResourcesBuildPhase;
			buildActionMask = 2147483647;
			files = (
				357C6C842085202F0018009A /* Main.storyboard in Resources */,
				35CB2CB0208F84D7002189DA /* spark.sks in Resources */,
				357C6C7B2085202F0018009A /* GameScene.sks in Resources */,
				35F1C59F209D273B0071BB49 /* notreallyfine.mp3 in Resources */,
				357C6C89208520330018009A /* LaunchScreen.storyboard in Resources */,
				357C6C7D2085202F0018009A /* Actions.sks in Resources */,
				357C6C912087CEC60018009A /* Assets.xcassets in Resources */,
				35F1C59D209D24770071BB49 /* myman.mp3 in Resources */,
			);
			runOnlyForDeploymentPostprocessing = 0;
		};
/* End PBXResourcesBuildPhase section */

/* Begin PBXSourcesBuildPhase section */
		357C6C712085202F0018009A /* Sources */ = {
			isa = PBXSourcesBuildPhase;
			buildActionMask = 2147483647;
			files = (
				357C6C7F2085202F0018009A /* GameScene.swift in Sources */,
				357C6C932087E4F30018009A /* ScrollingBackground.swift in Sources */,
				357C6C812085202F0018009A /* GameViewController.swift in Sources */,
				357C6C792085202F0018009A /* AppDelegate.swift in Sources */,
			);
			runOnlyForDeploymentPostprocessing = 0;
		};
/* End PBXSourcesBuildPhase section */

/* Begin PBXVariantGroup section */
		357C6C822085202F0018009A /* Main.storyboard */ = {
			isa = PBXVariantGroup;
			children = (
				357C6C832085202F0018009A /* Base */,
			);
			name = Main.storyboard;
			sourceTree = "<group>";
		};
		357C6C87208520330018009A /* LaunchScreen.storyboard */ = {
			isa = PBXVariantGroup;
			children = (
				357C6C88208520330018009A /* Base */,
			);
			name = LaunchScreen.storyboard;
			sourceTree = "<group>";
		};
/* End PBXVariantGroup section */

/* Begin XCBuildConfiguration section */
		357C6C8B208520330018009A /* Debug */ = {
			isa = XCBuildConfiguration;
			buildSettings = {
				ALWAYS_SEARCH_USER_PATHS = NO;
				CLANG_ANALYZER_NONNULL = YES;
				CLANG_ANALYZER_NUMBER_OBJECT_CONVERSION = YES_AGGRESSIVE;
				CLANG_CXX_LANGUAGE_STANDARD = "gnu++14";
				CLANG_CXX_LIBRARY = "libc++";
				CLANG_ENABLE_MODULES = YES;
				CLANG_ENABLE_OBJC_ARC = YES;
				CLANG_ENABLE_OBJC_WEAK = YES;
				CLANG_WARN_BLOCK_CAPTURE_AUTORELEASING = YES;
				CLANG_WARN_BOOL_CONVERSION = YES;
				CLANG_WARN_COMMA = YES;
				CLANG_WARN_CONSTANT_CONVERSION = YES;
				CLANG_WARN_DEPRECATED_OBJC_IMPLEMENTATIONS = YES;
				CLANG_WARN_DIRECT_OBJC_ISA_USAGE = YES_ERROR;
				CLANG_WARN_DOCUMENTATION_COMMENTS = YES;
				CLANG_WARN_EMPTY_BODY = YES;
				CLANG_WARN_ENUM_CONVERSION = YES;
				CLANG_WARN_INFINITE_RECURSION = YES;
				CLANG_WARN_INT_CONVERSION = YES;
				CLANG_WARN_NON_LITERAL_NULL_CONVERSION = YES;
				CLANG_WARN_OBJC_IMPLICIT_RETAIN_SELF = YES;
				CLANG_WARN_OBJC_LITERAL_CONVERSION = YES;
				CLANG_WARN_OBJC_ROOT_CLASS = YES_ERROR;
				CLANG_WARN_RANGE_LOOP_ANALYSIS = YES;
				CLANG_WARN_STRICT_PROTOTYPES = YES;
				CLANG_WARN_SUSPICIOUS_MOVE = YES;
				CLANG_WARN_UNGUARDED_AVAILABILITY = YES_AGGRESSIVE;
				CLANG_WARN_UNREACHABLE_CODE = YES;
				CLANG_WARN__DUPLICATE_METHOD_MATCH = YES;
				CODE_SIGN_IDENTITY = "iPhone Developer";
				COPY_PHASE_STRIP = NO;
				DEBUG_INFORMATION_FORMAT = dwarf;
				ENABLE_STRICT_OBJC_MSGSEND = YES;
				ENABLE_TESTABILITY = YES;
				GCC_C_LANGUAGE_STANDARD = gnu11;
				GCC_DYNAMIC_NO_PIC = NO;
				GCC_NO_COMMON_BLOCKS = YES;
				GCC_OPTIMIZATION_LEVEL = 0;
				GCC_PREPROCESSOR_DEFINITIONS = (
					"DEBUG=1",
					"$(inherited)",
				);
				GCC_WARN_64_TO_32_BIT_CONVERSION = YES;
				GCC_WARN_ABOUT_RETURN_TYPE = YES_ERROR;
				GCC_WARN_UNDECLARED_SELECTOR = YES;
				GCC_WARN_UNINITIALIZED_AUTOS = YES_AGGRESSIVE;
				GCC_WARN_UNUSED_FUNCTION = YES;
				GCC_WARN_UNUSED_VARIABLE = YES;
				IPHONEOS_DEPLOYMENT_TARGET = 11.3;
				MTL_ENABLE_DEBUG_INFO = YES;
				ONLY_ACTIVE_ARCH = YES;
				SDKROOT = iphoneos;
				SWIFT_ACTIVE_COMPILATION_CONDITIONS = DEBUG;
				SWIFT_OPTIMIZATION_LEVEL = "-Onone";
			};
			name = Debug;
		};
		357C6C8C208520330018009A /* Release */ = {
			isa = XCBuildConfiguration;
			buildSettings = {
				ALWAYS_SEARCH_USER_PATHS = NO;
				CLANG_ANALYZER_NONNULL = YES;
				CLANG_ANALYZER_NUMBER_OBJECT_CONVERSION = YES_AGGRESSIVE;
				CLANG_CXX_LANGUAGE_STANDARD = "gnu++14";
				CLANG_CXX_LIBRARY = "libc++";
				CLANG_ENABLE_MODULES = YES;
				CLANG_ENABLE_OBJC_ARC = YES;
				CLANG_ENABLE_OBJC_WEAK = YES;
				CLANG_WARN_BLOCK_CAPTURE_AUTORELEASING = YES;
				CLANG_WARN_BOOL_CONVERSION = YES;
				CLANG_WARN_COMMA = YES;
				CLANG_WARN_CONSTANT_CONVERSION = YES;
				CLANG_WARN_DEPRECATED_OBJC_IMPLEMENTATIONS = YES;
				CLANG_WARN_DIRECT_OBJC_ISA_USAGE = YES_ERROR;
				CLANG_WARN_DOCUMENTATION_COMMENTS = YES;
				CLANG_WARN_EMPTY_BODY = YES;
				CLANG_WARN_ENUM_CONVERSION = YES;
				CLANG_WARN_INFINITE_RECURSION = YES;
				CLANG_WARN_INT_CONVERSION = YES;
				CLANG_WARN_NON_LITERAL_NULL_CONVERSION = YES;
				CLANG_WARN_OBJC_IMPLICIT_RETAIN_SELF = YES;
				CLANG_WARN_OBJC_LITERAL_CONVERSION = YES;
				CLANG_WARN_OBJC_ROOT_CLASS = YES_ERROR;
				CLANG_WARN_RANGE_LOOP_ANALYSIS = YES;
				CLANG_WARN_STRICT_PROTOTYPES = YES;
				CLANG_WARN_SUSPICIOUS_MOVE = YES;
				CLANG_WARN_UNGUARDED_AVAILABILITY = YES_AGGRESSIVE;
				CLANG_WARN_UNREACHABLE_CODE = YES;
				CLANG_WARN__DUPLICATE_METHOD_MATCH = YES;
				CODE_SIGN_IDENTITY = "iPhone Developer";
				COPY_PHASE_STRIP = NO;
				DEBUG_INFORMATION_FORMAT = "dwarf-with-dsym";
				ENABLE_NS_ASSERTIONS = NO;
				ENABLE_STRICT_OBJC_MSGSEND = YES;
				GCC_C_LANGUAGE_STANDARD = gnu11;
				GCC_NO_COMMON_BLOCKS = YES;
				GCC_WARN_64_TO_32_BIT_CONVERSION = YES;
				GCC_WARN_ABOUT_RETURN_TYPE = YES_ERROR;
				GCC_WARN_UNDECLARED_SELECTOR = YES;
				GCC_WARN_UNINITIALIZED_AUTOS = YES_AGGRESSIVE;
				GCC_WARN_UNUSED_FUNCTION = YES;
				GCC_WARN_UNUSED_VARIABLE = YES;
				IPHONEOS_DEPLOYMENT_TARGET = 11.3;
				MTL_ENABLE_DEBUG_INFO = NO;
				SDKROOT = iphoneos;
				SWIFT_COMPILATION_MODE = wholemodule;
				SWIFT_OPTIMIZATION_LEVEL = "-O";
				VALIDATE_PRODUCT = YES;
			};
			name = Release;
		};
		357C6C8E208520330018009A /* Debug */ = {
			isa = XCBuildConfiguration;
			buildSettings = {
				ASSETCATALOG_COMPILER_APPICON_NAME = AppIcon;
				CODE_SIGN_STYLE = Automatic;
				DEVELOPMENT_TEAM = S6E23342LP;
				INFOPLIST_FILE = MoonWalk/Info.plist;
				LD_RUNPATH_SEARCH_PATHS = (
					"$(inherited)",
					"@executable_path/Frameworks",
				);
				PRODUCT_BUNDLE_IDENTIFIER = ga.moonwalk.se;
				PRODUCT_NAME = "$(TARGET_NAME)";
				SWIFT_VERSION = 4.0;
				TARGETED_DEVICE_FAMILY = "1,2";
			};
			name = Debug;
		};
		357C6C8F208520330018009A /* Release */ = {
			isa = XCBuildConfiguration;
			buildSettings = {
				ASSETCATALOG_COMPILER_APPICON_NAME = AppIcon;
				CODE_SIGN_STYLE = Automatic;
				DEVELOPMENT_TEAM = S6E23342LP;
				INFOPLIST_FILE = MoonWalk/Info.plist;
				LD_RUNPATH_SEARCH_PATHS = (
					"$(inherited)",
					"@executable_path/Frameworks",
				);
				PRODUCT_BUNDLE_IDENTIFIER = ga.moonwalk.se;
				PRODUCT_NAME = "$(TARGET_NAME)";
				SWIFT_VERSION = 4.0;
				TARGETED_DEVICE_FAMILY = "1,2";
			};
			name = Release;
		};
/* End XCBuildConfiguration section */

/* Begin XCConfigurationList section */
		357C6C702085202F0018009A /* Build configuration list for PBXProject "MoonWalk" */ = {
			isa = XCConfigurationList;
			buildConfigurations = (
				357C6C8B208520330018009A /* Debug */,
				357C6C8C208520330018009A /* Release */,
			);
			defaultConfigurationIsVisible = 0;
			defaultConfigurationName = Release;
		};
		357C6C8D208520330018009A /* Build configuration list for PBXNativeTarget "MoonWalk" */ = {
			isa = XCConfigurationList;
			buildConfigurations = (
				357C6C8E208520330018009A /* Debug */,
				357C6C8F208520330018009A /* Release */,
			);
			defaultConfigurationIsVisible = 0;
			defaultConfigurationName = Release;
		};
/* End XCConfigurationList section */
	};
	rootObject = 357C6C6D2085202F0018009A /* Project object */;
}
